
Microsoft Visual Studio Solution File, Format Version 12.00
# Visual Studio Version 17
VisualStudioVersion = 17.4.33122.133
MinimumVisualStudioVersion = 10.0.40219.1
Project("{FAE04EC0-301F-11D3-BF4B-00C04F79EFBC}") = "ConvertXmltoJson", "ConvertXmltoJson\ConvertXmltoJson.csproj", "{6ECDE4A5-F8ED-4818-B93C-E20B84DE8DB4}"
EndProject
Global
	GlobalSection(SolutionConfigurationPlatforms) = preSolution
		Debug|Any CPU = Debug|Any CPU
		Release|Any CPU = Release|Any CPU
	EndGlobalSection
	GlobalSection(ProjectConfigurationPlatforms) = postSolution
		{6ECDE4A5-F8ED-4818-B93C-E20B84DE8DB4}.Debug|Any CPU.ActiveCfg = Debug|Any CPU
		{6ECDE4A5-F8ED-4818-B93C-E20B84DE8DB4}.Debug|Any CPU.Build.0 = Debug|Any CPU
		{6ECDE4A5-F8ED-4818-B93C-E20B84DE8DB4}.Release|Any CPU.ActiveCfg = Release|Any CPU
		{6ECDE4A5-F8ED-4818-B93C-E20B84DE8DB4}.Release|Any CPU.Build.0 = Release|Any CPU
	EndGlobalSection
	GlobalSection(SolutionProperties) = preSolution
		HideSolutionNode = FALSE
	EndGlobalSection
	GlobalSection(ExtensibilityGlobals) = postSolution
		SolutionGuid = {54653050-C9C2-4929-AF33-58CD3BD2A6B8}
	EndGlobalSection
EndGlobal
